{
  "version": 4,
  "terraform_version": "1.13.3",
  "serial": 49,
  "lineage": "ff352bbf-53cc-1745-70e4-3f462eb75c39",
  "outputs": {
    "epicbook_db_endpoint": {
      "value": "epicbook-mysql-server.mysql.database.azure.com",
      "type": "string"
    },
    "public_ip_address": {
      "value": "102.133.191.91",
      "type": "string"
    }
  },
  "resources": [
    {
      "mode": "managed",
      "type": "azurerm_linux_virtual_machine",
      "name": "vm",
      "provider": "provider[\"registry.terraform.io/hashicorp/azurerm\"]",
      "instances": [
        {
          "schema_version": 0,
          "attributes": {
            "additional_capabilities": [],
            "admin_password": null,
            "admin_ssh_key": [
              {
                "public_key": "ssh-rsa AAAAB3NzaC1yc2EAAAADAQABAAACAQC0jcuHIgxcH0myPFfBT53xrq566ScjXNzZXk9rlvjgsmH7+zrBdjB6Ru+rb91ph70c8d8h7Ikw5kPp0wTRlDYMIay8N7kTSgwk/aZPyWkxsXh7xk8uLmGazR7qj7J+0CIKa8XBESujOfgvbCQvyZzh3+GPltA16Xrev9rF3Ve+fJnMNaqprrYsewUsUWkFYlJc/xk/hQgWgp1QelwSsWrX03CqxOhA+gLunt2kATvumc17ls5srXbEL4XE+lQGSrA5KvFgBCZ7LG4kGTyqz+sH3JikjG6cjRiNPy/oLNIYWcOv8E0vdPnAdikMSI4VIgEQtzLEKyfhhFkpigBCY7WgbDpqBaDyBp0Tip8SHIRJNBbsu/dpzkGQpwauFBdymMrDdLaZsCZACZ1E91L4iDcs5EACP9BwBrxrqOQwWT3War1YLOft1oiiHmQu0einw1U+9eiX5SejKi8vPP5EKHXrZI8EZ8qyOQuO0u+vYrZVsYwud38pAtfxPxvAmIFX2JUx0UGIdrE4SaPGZzHo0Tgpu3o29x0cHcaC+6KfYcN2H4fyhv0xX0I8f4dVKZv6waaH+8cenOP+BdGbbeFxojDUsTa/6/iaXzwWICdV0eWMO1PXKyj5qVKJdVoyiDjReE8hiOu6b2iMJY2CjEn3VPrhXPMJh2o4n+3KZeS1mEmHKw== dayo@aderinto\n",
                "username": "azureuser"
              }
            ],
            "admin_username": "azureuser",
            "allow_extension_operations": true,
            "availability_set_id": "",
            "boot_diagnostics": [],
            "bypass_platform_safety_checks_on_user_schedule_enabled": false,
            "capacity_reservation_group_id": "",
            "computer_name": "ansible-epicbook-vm",
            "custom_data": null,
            "dedicated_host_group_id": "",
            "dedicated_host_id": "",
            "disable_password_authentication": true,
            "disk_controller_type": "",
            "edge_zone": "",
            "encryption_at_host_enabled": false,
            "eviction_policy": "",
            "extensions_time_budget": "PT1H30M",
            "gallery_application": [],
            "id": "/subscriptions/ba081637-3826-4639-9d93-a53f19698b4a/resourceGroups/ansible-epicbook-rg/providers/Microsoft.Compute/virtualMachines/ansible-epicbook-vm",
            "identity": [],
            "license_type": "",
            "location": "southafricanorth",
            "max_bid_price": -1,
            "name": "ansible-epicbook-vm",
            "network_interface_ids": [
              "/subscriptions/ba081637-3826-4639-9d93-a53f19698b4a/resourceGroups/ansible-epicbook-rg/providers/Microsoft.Network/networkInterfaces/ansible-epicbook-nic"
            ],
            "os_disk": [
              {
                "caching": "ReadWrite",
                "diff_disk_settings": [],
                "disk_encryption_set_id": "",
                "disk_size_gb": 30,
                "name": "ansible-epicbook-vm-disk",
                "secure_vm_disk_encryption_set_id": "",
                "security_encryption_type": "",
                "storage_account_type": "Standard_LRS",
                "write_accelerator_enabled": false
              }
            ],
            "os_image_notification": [],
            "patch_assessment_mode": "ImageDefault",
            "patch_mode": "ImageDefault",
            "plan": [],
            "platform_fault_domain": -1,
            "priority": "Regular",
            "private_ip_address": "10.0.1.4",
            "private_ip_addresses": [
              "10.0.1.4"
            ],
            "provision_vm_agent": true,
            "proximity_placement_group_id": "",
            "public_ip_address": "102.133.191.91",
            "public_ip_addresses": [
              "102.133.191.91"
            ],
            "reboot_setting": "",
            "resource_group_name": "ansible-epicbook-rg",
            "secret": [],
            "secure_boot_enabled": false,
            "size": "Standard_D2s_v3",
            "source_image_id": "",
            "source_image_reference": [
              {
                "offer": "0001-com-ubuntu-server-jammy",
                "publisher": "Canonical",
                "sku": "22_04-lts",
                "version": "latest"
              }
            ],
            "tags": null,
            "termination_notification": null,
            "timeouts": null,
            "user_data": "",
            "virtual_machine_id": "2353229b-d750-4d8f-890c-f3319fb83cf8",
            "virtual_machine_scale_set_id": "",
            "vm_agent_platform_updates_enabled": false,
            "vtpm_enabled": false,
            "zone": ""
          },
          "sensitive_attributes": [
            [
              {
                "type": "get_attr",
                "value": "admin_password"
              }
            ],
            [
              {
                "type": "get_attr",
                "value": "custom_data"
              }
            ]
          ],
          "identity_schema_version": 0,
          "private": "eyJlMmJmYjczMC1lY2FhLTExZTYtOGY4OC0zNDM2M2JjN2M0YzAiOnsiY3JlYXRlIjoyNzAwMDAwMDAwMDAwLCJkZWxldGUiOjI3MDAwMDAwMDAwMDAsInJlYWQiOjMwMDAwMDAwMDAwMCwidXBkYXRlIjoyNzAwMDAwMDAwMDAwfX0=",
          "dependencies": [
            "azurerm_network_interface.nic",
            "azurerm_public_ip.pip",
            "azurerm_resource_group.rg",
            "azurerm_subnet.subnet",
            "azurerm_virtual_network.vnet"
          ]
        }
      ]
    },
    {
      "mode": "managed",
      "type": "azurerm_mysql_flexible_server",
      "name": "epicbook_db",
      "provider": "provider[\"registry.terraform.io/hashicorp/azurerm\"]",
      "instances": [
        {
          "schema_version": 0,
          "attributes": {
            "administrator_login": "buytoken",
            "administrator_password": "Buytoken123!",
            "backup_retention_days": 7,
            "create_mode": null,
            "customer_managed_key": [],
            "delegated_subnet_id": "/subscriptions/ba081637-3826-4639-9d93-a53f19698b4a/resourceGroups/ansible-epicbook-rg/providers/Microsoft.Network/virtualNetworks/ansible-epicbook-vnet/subnets/db-subnet",
            "fqdn": "epicbook-mysql-server.mysql.database.azure.com",
            "geo_redundant_backup_enabled": false,
            "high_availability": [],
            "id": "/subscriptions/ba081637-3826-4639-9d93-a53f19698b4a/resourceGroups/ansible-epicbook-rg/providers/Microsoft.DBforMySQL/flexibleServers/epicbook-mysql-server",
            "identity": [],
            "location": "southafricanorth",
            "maintenance_window": [],
            "name": "epicbook-mysql-server",
            "point_in_time_restore_time_in_utc": null,
            "private_dns_zone_id": "/subscriptions/ba081637-3826-4639-9d93-a53f19698b4a/resourceGroups/ansible-epicbook-rg/providers/Microsoft.Network/privateDnsZones/epicbook.mysql.database.azure.com",
            "public_network_access_enabled": false,
            "replica_capacity": 10,
            "replication_role": "None",
            "resource_group_name": "ansible-epicbook-rg",
            "sku_name": "GP_Standard_D2ds_v4",
            "source_server_id": null,
            "storage": [
              {
                "auto_grow_enabled": true,
                "io_scaling_enabled": false,
                "iops": 360,
                "size_gb": 20
              }
            ],
            "tags": null,
            "timeouts": null,
            "version": "5.7",
            "zone": "3"
          },
          "sensitive_attributes": [
            [
              {
                "type": "get_attr",
                "value": "administrator_password"
              }
            ]
          ],
          "identity_schema_version": 0,
          "private": "eyJlMmJmYjczMC1lY2FhLTExZTYtOGY4OC0zNDM2M2JjN2M0YzAiOnsiY3JlYXRlIjozNjAwMDAwMDAwMDAwLCJkZWxldGUiOjM2MDAwMDAwMDAwMDAsInJlYWQiOjMwMDAwMDAwMDAwMCwidXBkYXRlIjozNjAwMDAwMDAwMDAwfX0=",
          "dependencies": [
            "azurerm_private_dns_zone.db_dns_zone",
            "azurerm_private_dns_zone_virtual_network_link.db_dns_link",
            "azurerm_resource_group.rg",
            "azurerm_subnet.db_subnet",
            "azurerm_virtual_network.vnet"
          ]
        }
      ]
    },
    {
      "mode": "managed",
      "type": "azurerm_network_interface",
      "name": "nic",
      "provider": "provider[\"registry.terraform.io/hashicorp/azurerm\"]",
      "instances": [
        {
          "schema_version": 0,
          "attributes": {
            "accelerated_networking_enabled": false,
            "applied_dns_servers": [],
            "auxiliary_mode": "",
            "auxiliary_sku": "",
            "dns_servers": [],
            "edge_zone": "",
            "enable_accelerated_networking": false,
            "enable_ip_forwarding": false,
            "id": "/subscriptions/ba081637-3826-4639-9d93-a53f19698b4a/resourceGroups/ansible-epicbook-rg/providers/Microsoft.Network/networkInterfaces/ansible-epicbook-nic",
            "internal_dns_name_label": "",
            "internal_domain_name_suffix": "yqbdu1ijgy0ele434xmwbfln3f.jnbx.internal.cloudapp.net",
            "ip_configuration": [
              {
                "gateway_load_balancer_frontend_ip_configuration_id": "",
                "name": "internal",
                "primary": true,
                "private_ip_address": "10.0.1.4",
                "private_ip_address_allocation": "Dynamic",
                "private_ip_address_version": "IPv4",
                "public_ip_address_id": "/subscriptions/ba081637-3826-4639-9d93-a53f19698b4a/resourceGroups/ansible-epicbook-rg/providers/Microsoft.Network/publicIPAddresses/ansible-epicbook-pip",
                "subnet_id": "/subscriptions/ba081637-3826-4639-9d93-a53f19698b4a/resourceGroups/ansible-epicbook-rg/providers/Microsoft.Network/virtualNetworks/ansible-epicbook-vnet/subnets/ansible-epicbook-subnet"
              }
            ],
            "ip_forwarding_enabled": false,
            "location": "southafricanorth",
            "mac_address": "",
            "name": "ansible-epicbook-nic",
            "private_ip_address": "10.0.1.4",
            "private_ip_addresses": [
              "10.0.1.4"
            ],
            "resource_group_name": "ansible-epicbook-rg",
            "tags": null,
            "timeouts": null,
            "virtual_machine_id": ""
          },
          "sensitive_attributes": [],
          "identity_schema_version": 0,
          "private": "eyJlMmJmYjczMC1lY2FhLTExZTYtOGY4OC0zNDM2M2JjN2M0YzAiOnsiY3JlYXRlIjoxODAwMDAwMDAwMDAwLCJkZWxldGUiOjE4MDAwMDAwMDAwMDAsInJlYWQiOjMwMDAwMDAwMDAwMCwidXBkYXRlIjoxODAwMDAwMDAwMDAwfX0=",
          "dependencies": [
            "azurerm_public_ip.pip",
            "azurerm_resource_group.rg",
            "azurerm_subnet.subnet",
            "azurerm_virtual_network.vnet"
          ]
        }
      ]
    },
    {
      "mode": "managed",
      "type": "azurerm_network_interface_security_group_association",
      "name": "nic_nsg",
      "provider": "provider[\"registry.terraform.io/hashicorp/azurerm\"]",
      "instances": [
        {
          "schema_version": 0,
          "attributes": {
            "id": "/subscriptions/ba081637-3826-4639-9d93-a53f19698b4a/resourceGroups/ansible-epicbook-rg/providers/Microsoft.Network/networkInterfaces/ansible-epicbook-nic|/subscriptions/ba081637-3826-4639-9d93-a53f19698b4a/resourceGroups/ansible-epicbook-rg/providers/Microsoft.Network/networkSecurityGroups/ansible-epicbook-nsg",
            "network_interface_id": "/subscriptions/ba081637-3826-4639-9d93-a53f19698b4a/resourceGroups/ansible-epicbook-rg/providers/Microsoft.Network/networkInterfaces/ansible-epicbook-nic",
            "network_security_group_id": "/subscriptions/ba081637-3826-4639-9d93-a53f19698b4a/resourceGroups/ansible-epicbook-rg/providers/Microsoft.Network/networkSecurityGroups/ansible-epicbook-nsg",
            "timeouts": null
          },
          "sensitive_attributes": [],
          "identity_schema_version": 0,
          "private": "eyJlMmJmYjczMC1lY2FhLTExZTYtOGY4OC0zNDM2M2JjN2M0YzAiOnsiY3JlYXRlIjoxODAwMDAwMDAwMDAwLCJkZWxldGUiOjE4MDAwMDAwMDAwMDAsInJlYWQiOjMwMDAwMDAwMDAwMH19",
          "dependencies": [
            "azurerm_network_interface.nic",
            "azurerm_network_security_group.nsg",
            "azurerm_public_ip.pip",
            "azurerm_resource_group.rg",
            "azurerm_subnet.subnet",
            "azurerm_virtual_network.vnet"
          ]
        }
      ]
    },
    {
      "mode": "managed",
      "type": "azurerm_network_security_group",
      "name": "db_nsg",
      "provider": "provider[\"registry.terraform.io/hashicorp/azurerm\"]",
      "instances": [
        {
          "schema_version": 0,
          "attributes": {
            "id": "/subscriptions/ba081637-3826-4639-9d93-a53f19698b4a/resourceGroups/ansible-epicbook-rg/providers/Microsoft.Network/networkSecurityGroups/db-nsg",
            "location": "southafricanorth",
            "name": "db-nsg",
            "resource_group_name": "ansible-epicbook-rg",
            "security_rule": [
              {
                "access": "Allow",
                "description": "",
                "destination_address_prefix": "*",
                "destination_address_prefixes": [],
                "destination_application_security_group_ids": [],
                "destination_port_range": "3306",
                "destination_port_ranges": [],
                "direction": "Inbound",
                "name": "AllowMySQL",
                "priority": 1001,
                "protocol": "Tcp",
                "source_address_prefix": "10.0.1.0/24",
                "source_address_prefixes": [],
                "source_application_security_group_ids": [],
                "source_port_range": "*",
                "source_port_ranges": []
              }
            ],
            "tags": null,
            "timeouts": null
          },
          "sensitive_attributes": [],
          "identity_schema_version": 0,
          "private": "eyJlMmJmYjczMC1lY2FhLTExZTYtOGY4OC0zNDM2M2JjN2M0YzAiOnsiY3JlYXRlIjoxODAwMDAwMDAwMDAwLCJkZWxldGUiOjE4MDAwMDAwMDAwMDAsInJlYWQiOjMwMDAwMDAwMDAwMCwidXBkYXRlIjoxODAwMDAwMDAwMDAwfX0=",
          "dependencies": [
            "azurerm_resource_group.rg"
          ]
        }
      ]
    },
    {
      "mode": "managed",
      "type": "azurerm_network_security_group",
      "name": "nsg",
      "provider": "provider[\"registry.terraform.io/hashicorp/azurerm\"]",
      "instances": [
        {
          "schema_version": 0,
          "attributes": {
            "id": "/subscriptions/ba081637-3826-4639-9d93-a53f19698b4a/resourceGroups/ansible-epicbook-rg/providers/Microsoft.Network/networkSecurityGroups/ansible-epicbook-nsg",
            "location": "southafricanorth",
            "name": "ansible-epicbook-nsg",
            "resource_group_name": "ansible-epicbook-rg",
            "security_rule": [
              {
                "access": "Allow",
                "description": "",
                "destination_address_prefix": "*",
                "destination_address_prefixes": [],
                "destination_application_security_group_ids": [],
                "destination_port_range": "22",
                "destination_port_ranges": [],
                "direction": "Inbound",
                "name": "SSH",
                "priority": 1001,
                "protocol": "Tcp",
                "source_address_prefix": "*",
                "source_address_prefixes": [],
                "source_application_security_group_ids": [],
                "source_port_range": "*",
                "source_port_ranges": []
              },
              {
                "access": "Allow",
                "description": "",
                "destination_address_prefix": "*",
                "destination_address_prefixes": [],
                "destination_application_security_group_ids": [],
                "destination_port_range": "80",
                "destination_port_ranges": [],
                "direction": "Inbound",
                "name": "HTTP",
                "priority": 1002,
                "protocol": "Tcp",
                "source_address_prefix": "*",
                "source_address_prefixes": [],
                "source_application_security_group_ids": [],
                "source_port_range": "*",
                "source_port_ranges": []
              }
            ],
            "tags": null,
            "timeouts": null
          },
          "sensitive_attributes": [],
          "identity_schema_version": 0,
          "private": "eyJlMmJmYjczMC1lY2FhLTExZTYtOGY4OC0zNDM2M2JjN2M0YzAiOnsiY3JlYXRlIjoxODAwMDAwMDAwMDAwLCJkZWxldGUiOjE4MDAwMDAwMDAwMDAsInJlYWQiOjMwMDAwMDAwMDAwMCwidXBkYXRlIjoxODAwMDAwMDAwMDAwfX0=",
          "dependencies": [
            "azurerm_resource_group.rg"
          ]
        }
      ]
    },
    {
      "mode": "managed",
      "type": "azurerm_private_dns_zone",
      "name": "db_dns_zone",
      "provider": "provider[\"registry.terraform.io/hashicorp/azurerm\"]",
      "instances": [
        {
          "schema_version": 0,
          "attributes": {
            "id": "/subscriptions/ba081637-3826-4639-9d93-a53f19698b4a/resourceGroups/ansible-epicbook-rg/providers/Microsoft.Network/privateDnsZones/epicbook.mysql.database.azure.com",
            "max_number_of_record_sets": 25000,
            "max_number_of_virtual_network_links": 1000,
            "max_number_of_virtual_network_links_with_registration": 100,
            "name": "epicbook.mysql.database.azure.com",
            "number_of_record_sets": 1,
            "resource_group_name": "ansible-epicbook-rg",
            "soa_record": [
              {
                "email": "azureprivatedns-host.microsoft.com",
                "expire_time": 2419200,
                "fqdn": "epicbook.mysql.database.azure.com.",
                "host_name": "azureprivatedns.net",
                "minimum_ttl": 10,
                "refresh_time": 3600,
                "retry_time": 300,
                "serial_number": 1,
                "tags": {},
                "ttl": 3600
              }
            ],
            "tags": null,
            "timeouts": null
          },
          "sensitive_attributes": [],
          "identity_schema_version": 0,
          "private": "eyJlMmJmYjczMC1lY2FhLTExZTYtOGY4OC0zNDM2M2JjN2M0YzAiOnsiY3JlYXRlIjoxODAwMDAwMDAwMDAwLCJkZWxldGUiOjE4MDAwMDAwMDAwMDAsInJlYWQiOjMwMDAwMDAwMDAwMCwidXBkYXRlIjoxODAwMDAwMDAwMDAwfX0=",
          "dependencies": [
            "azurerm_resource_group.rg"
          ]
        }
      ]
    },
    {
      "mode": "managed",
      "type": "azurerm_private_dns_zone_virtual_network_link",
      "name": "db_dns_link",
      "provider": "provider[\"registry.terraform.io/hashicorp/azurerm\"]",
      "instances": [
        {
          "schema_version": 0,
          "attributes": {
            "id": "/subscriptions/ba081637-3826-4639-9d93-a53f19698b4a/resourceGroups/ansible-epicbook-rg/providers/Microsoft.Network/privateDnsZones/epicbook.mysql.database.azure.com/virtualNetworkLinks/dbVnetZone.com",
            "name": "dbVnetZone.com",
            "private_dns_zone_name": "epicbook.mysql.database.azure.com",
            "registration_enabled": false,
            "resource_group_name": "ansible-epicbook-rg",
            "tags": null,
            "timeouts": null,
            "virtual_network_id": "/subscriptions/ba081637-3826-4639-9d93-a53f19698b4a/resourceGroups/ansible-epicbook-rg/providers/Microsoft.Network/virtualNetworks/ansible-epicbook-vnet"
          },
          "sensitive_attributes": [],
          "identity_schema_version": 0,
          "private": "eyJlMmJmYjczMC1lY2FhLTExZTYtOGY4OC0zNDM2M2JjN2M0YzAiOnsiY3JlYXRlIjoxODAwMDAwMDAwMDAwLCJkZWxldGUiOjE4MDAwMDAwMDAwMDAsInJlYWQiOjMwMDAwMDAwMDAwMCwidXBkYXRlIjoxODAwMDAwMDAwMDAwfX0=",
          "dependencies": [
            "azurerm_private_dns_zone.db_dns_zone",
            "azurerm_resource_group.rg",
            "azurerm_virtual_network.vnet"
          ]
        }
      ]
    },
    {
      "mode": "managed",
      "type": "azurerm_public_ip",
      "name": "pip",
      "provider": "provider[\"registry.terraform.io/hashicorp/azurerm\"]",
      "instances": [
        {
          "schema_version": 0,
          "attributes": {
            "allocation_method": "Static",
            "ddos_protection_mode": "VirtualNetworkInherited",
            "ddos_protection_plan_id": null,
            "domain_name_label": null,
            "edge_zone": "",
            "fqdn": null,
            "id": "/subscriptions/ba081637-3826-4639-9d93-a53f19698b4a/resourceGroups/ansible-epicbook-rg/providers/Microsoft.Network/publicIPAddresses/ansible-epicbook-pip",
            "idle_timeout_in_minutes": 4,
            "ip_address": "102.133.191.91",
            "ip_tags": null,
            "ip_version": "IPv4",
            "location": "southafricanorth",
            "name": "ansible-epicbook-pip",
            "public_ip_prefix_id": null,
            "resource_group_name": "ansible-epicbook-rg",
            "reverse_fqdn": null,
            "sku": "Standard",
            "sku_tier": "Regional",
            "tags": null,
            "timeouts": null,
            "zones": null
          },
          "sensitive_attributes": [],
          "identity_schema_version": 0,
          "private": "eyJlMmJmYjczMC1lY2FhLTExZTYtOGY4OC0zNDM2M2JjN2M0YzAiOnsiY3JlYXRlIjoxODAwMDAwMDAwMDAwLCJkZWxldGUiOjE4MDAwMDAwMDAwMDAsInJlYWQiOjMwMDAwMDAwMDAwMCwidXBkYXRlIjoxODAwMDAwMDAwMDAwfX0=",
          "dependencies": [
            "azurerm_resource_group.rg"
          ]
        }
      ]
    },
    {
      "mode": "managed",
      "type": "azurerm_resource_group",
      "name": "rg",
      "provider": "provider[\"registry.terraform.io/hashicorp/azurerm\"]",
      "instances": [
        {
          "schema_version": 0,
          "attributes": {
            "id": "/subscriptions/ba081637-3826-4639-9d93-a53f19698b4a/resourceGroups/ansible-epicbook-rg",
            "location": "southafricanorth",
            "managed_by": "",
            "name": "ansible-epicbook-rg",
            "tags": null,
            "timeouts": null
          },
          "sensitive_attributes": [],
          "identity_schema_version": 0,
          "private": "eyJlMmJmYjczMC1lY2FhLTExZTYtOGY4OC0zNDM2M2JjN2M0YzAiOnsiY3JlYXRlIjo1NDAwMDAwMDAwMDAwLCJkZWxldGUiOjU0MDAwMDAwMDAwMDAsInJlYWQiOjMwMDAwMDAwMDAwMCwidXBkYXRlIjo1NDAwMDAwMDAwMDAwfX0="
        }
      ]
    },
    {
      "mode": "managed",
      "type": "azurerm_subnet",
      "name": "db_subnet",
      "provider": "provider[\"registry.terraform.io/hashicorp/azurerm\"]",
      "instances": [
        {
          "schema_version": 0,
          "attributes": {
            "address_prefixes": [
              "10.0.2.0/24"
            ],
            "default_outbound_access_enabled": true,
            "delegation": [
              {
                "name": "fs",
                "service_delegation": [
                  {
                    "actions": [
                      "Microsoft.Network/virtualNetworks/subnets/join/action"
                    ],
                    "name": "Microsoft.DBforMySQL/flexibleServers"
                  }
                ]
              }
            ],
            "enforce_private_link_endpoint_network_policies": false,
            "enforce_private_link_service_network_policies": false,
            "id": "/subscriptions/ba081637-3826-4639-9d93-a53f19698b4a/resourceGroups/ansible-epicbook-rg/providers/Microsoft.Network/virtualNetworks/ansible-epicbook-vnet/subnets/db-subnet",
            "name": "db-subnet",
            "private_endpoint_network_policies": "Enabled",
            "private_endpoint_network_policies_enabled": true,
            "private_link_service_network_policies_enabled": true,
            "resource_group_name": "ansible-epicbook-rg",
            "service_endpoint_policy_ids": null,
            "service_endpoints": [
              "Microsoft.Storage"
            ],
            "timeouts": null,
            "virtual_network_name": "ansible-epicbook-vnet"
          },
          "sensitive_attributes": [],
          "identity_schema_version": 0,
          "private": "eyJlMmJmYjczMC1lY2FhLTExZTYtOGY4OC0zNDM2M2JjN2M0YzAiOnsiY3JlYXRlIjoxODAwMDAwMDAwMDAwLCJkZWxldGUiOjE4MDAwMDAwMDAwMDAsInJlYWQiOjMwMDAwMDAwMDAwMCwidXBkYXRlIjoxODAwMDAwMDAwMDAwfX0=",
          "dependencies": [
            "azurerm_resource_group.rg",
            "azurerm_virtual_network.vnet"
          ]
        }
      ]
    },
    {
      "mode": "managed",
      "type": "azurerm_subnet",
      "name": "subnet",
      "provider": "provider[\"registry.terraform.io/hashicorp/azurerm\"]",
      "instances": [
        {
          "schema_version": 0,
          "attributes": {
            "address_prefixes": [
              "10.0.1.0/24"
            ],
            "default_outbound_access_enabled": true,
            "delegation": [],
            "enforce_private_link_endpoint_network_policies": false,
            "enforce_private_link_service_network_policies": false,
            "id": "/subscriptions/ba081637-3826-4639-9d93-a53f19698b4a/resourceGroups/ansible-epicbook-rg/providers/Microsoft.Network/virtualNetworks/ansible-epicbook-vnet/subnets/ansible-epicbook-subnet",
            "name": "ansible-epicbook-subnet",
            "private_endpoint_network_policies": "Enabled",
            "private_endpoint_network_policies_enabled": true,
            "private_link_service_network_policies_enabled": true,
            "resource_group_name": "ansible-epicbook-rg",
            "service_endpoint_policy_ids": null,
            "service_endpoints": null,
            "timeouts": null,
            "virtual_network_name": "ansible-epicbook-vnet"
          },
          "sensitive_attributes": [],
          "identity_schema_version": 0,
          "private": "eyJlMmJmYjczMC1lY2FhLTExZTYtOGY4OC0zNDM2M2JjN2M0YzAiOnsiY3JlYXRlIjoxODAwMDAwMDAwMDAwLCJkZWxldGUiOjE4MDAwMDAwMDAwMDAsInJlYWQiOjMwMDAwMDAwMDAwMCwidXBkYXRlIjoxODAwMDAwMDAwMDAwfX0=",
          "dependencies": [
            "azurerm_resource_group.rg",
            "azurerm_virtual_network.vnet"
          ]
        }
      ]
    },
    {
      "mode": "managed",
      "type": "azurerm_subnet_network_security_group_association",
      "name": "db_nsg_assoc",
      "provider": "provider[\"registry.terraform.io/hashicorp/azurerm\"]",
      "instances": [
        {
          "schema_version": 0,
          "attributes": {
            "id": "/subscriptions/ba081637-3826-4639-9d93-a53f19698b4a/resourceGroups/ansible-epicbook-rg/providers/Microsoft.Network/virtualNetworks/ansible-epicbook-vnet/subnets/db-subnet",
            "network_security_group_id": "/subscriptions/ba081637-3826-4639-9d93-a53f19698b4a/resourceGroups/ansible-epicbook-rg/providers/Microsoft.Network/networkSecurityGroups/db-nsg",
            "subnet_id": "/subscriptions/ba081637-3826-4639-9d93-a53f19698b4a/resourceGroups/ansible-epicbook-rg/providers/Microsoft.Network/virtualNetworks/ansible-epicbook-vnet/subnets/db-subnet",
            "timeouts": null
          },
          "sensitive_attributes": [],
          "identity_schema_version": 0,
          "private": "eyJlMmJmYjczMC1lY2FhLTExZTYtOGY4OC0zNDM2M2JjN2M0YzAiOnsiY3JlYXRlIjoxODAwMDAwMDAwMDAwLCJkZWxldGUiOjE4MDAwMDAwMDAwMDAsInJlYWQiOjMwMDAwMDAwMDAwMH19",
          "dependencies": [
            "azurerm_network_security_group.db_nsg",
            "azurerm_resource_group.rg",
            "azurerm_subnet.db_subnet",
            "azurerm_virtual_network.vnet"
          ]
        }
      ]
    },
    {
      "mode": "managed",
      "type": "azurerm_virtual_network",
      "name": "vnet",
      "provider": "provider[\"registry.terraform.io/hashicorp/azurerm\"]",
      "instances": [
        {
          "schema_version": 0,
          "attributes": {
            "address_space": [
              "10.0.0.0/16"
            ],
            "bgp_community": "",
            "ddos_protection_plan": [],
            "dns_servers": [],
            "edge_zone": "",
            "encryption": [],
            "flow_timeout_in_minutes": 0,
            "guid": "6d3a02c4-3609-4534-93dd-f5d960956ded",
            "id": "/subscriptions/ba081637-3826-4639-9d93-a53f19698b4a/resourceGroups/ansible-epicbook-rg/providers/Microsoft.Network/virtualNetworks/ansible-epicbook-vnet",
            "location": "southafricanorth",
            "name": "ansible-epicbook-vnet",
            "resource_group_name": "ansible-epicbook-rg",
            "subnet": [],
            "tags": null,
            "timeouts": null
          },
          "sensitive_attributes": [],
          "identity_schema_version": 0,
          "private": "eyJlMmJmYjczMC1lY2FhLTExZTYtOGY4OC0zNDM2M2JjN2M0YzAiOnsiY3JlYXRlIjoxODAwMDAwMDAwMDAwLCJkZWxldGUiOjE4MDAwMDAwMDAwMDAsInJlYWQiOjMwMDAwMDAwMDAwMCwidXBkYXRlIjoxODAwMDAwMDAwMDAwfX0=",
          "dependencies": [
            "azurerm_resource_group.rg"
          ]
        }
      ]
    }
  ],
  "check_results": null
}
